PODS:
  - LXModuleCode_B (0.2.0):
    - LXModuleCode_B/SubA (= 0.2.0)
    - LXModuleCode_B/SubB (= 0.2.0)
    - LXModuleCode_B/SubC (= 0.2.0)
  - LXModuleCode_B/SubA (0.2.0)
  - LXModuleCode_B/SubB (0.2.0)
  - LXModuleCode_B/SubC (0.2.0)

DEPENDENCIES:
  - LXModuleCode_B (from `../`)

EXTERNAL SOURCES:
  LXModuleCode_B:
    :path: "../"

SPEC CHECKSUMS:
  LXModuleCode_B: fd23d892b0d205e7495cb8d6e97a477877f9addf

PODFILE CHECKSUM: 7ad9a32b5325d1aa0175202b2a4240b33dc7c218

COCOAPODS: 1.9.3
