PODS:
  - LXModuleCode_B (0.1.0):
    - LXModuleCode_B/A (= 0.1.0)
  - LXModuleCode_B/A (0.1.0)

DEPENDENCIES:
  - LXModuleCode_B (from `../`)

EXTERNAL SOURCES:
  LXModuleCode_B:
    :path: "../"

SPEC CHECKSUMS:
  LXModuleCode_B: 3177a92afd7a94e74252d5318c489261438bbe50

PODFILE CHECKSUM: 7ad9a32b5325d1aa0175202b2a4240b33dc7c218

COCOAPODS: 1.9.3
