PODS:
  - LXModuleCode_B (0.2.0):
    - LXModuleCode_B/SubA (= 0.2.0)
    - LXModuleCode_B/SubB (= 0.2.0)
    - LXModuleCode_B/SubC (= 0.2.0)
  - LXModuleCode_B/SubA (0.2.0)
  - LXModuleCode_B/SubB (0.2.0)
  - LXModuleCode_B/SubC (0.2.0)

DEPENDENCIES:
  - LXModuleCode_B (from `../`)

EXTERNAL SOURCES:
  LXModuleCode_B:
    :path: "../"

SPEC CHECKSUMS:
  LXModuleCode_B: 6e9dc513f1ab5d71ec73299b903e395b0c296c00

PODFILE CHECKSUM: 7ad9a32b5325d1aa0175202b2a4240b33dc7c218

COCOAPODS: 1.9.3
